
Microsoft Visual Studio Solution File, Format Version 12.00
# Visual Studio 14
VisualStudioVersion = 14.0.25420.1
MinimumVisualStudioVersion = 10.0.40219.1
Project("{2150E333-8FDC-42A3-9474-1A3956D46DE8}") = "src", "src", "{32B8605B-570E-4CDE-A7F4-6F6DCD7DF826}"
EndProject
Project("{2150E333-8FDC-42A3-9474-1A3956D46DE8}") = "Solution Items", "Solution Items", "{C531B465-4604-4DF6-9F49-99C498E6782D}"
	ProjectSection(SolutionItems) = preProject
		global.json = global.json
	EndProjectSection
EndProject
Project("{8BB2217D-0F2D-49D1-97BC-3654ED321F3B}") = "WebApplication4", "src\WebApplication4\WebApplication4.xproj", "{A06DAE49-F9D0-4993-9CC9-DB5DC28708B5}"
EndProject
Global
	GlobalSection(SolutionConfigurationPlatforms) = preSolution
		Debug|Any CPU = Debug|Any CPU
		Release|Any CPU = Release|Any CPU
	EndGlobalSection
	GlobalSection(ProjectConfigurationPlatforms) = postSolution
		{A06DAE49-F9D0-4993-9CC9-DB5DC28708B5}.Debug|Any CPU.ActiveCfg = Debug|Any CPU
		{A06DAE49-F9D0-4993-9CC9-DB5DC28708B5}.Debug|Any CPU.Build.0 = Debug|Any CPU
		{A06DAE49-F9D0-4993-9CC9-DB5DC28708B5}.Release|Any CPU.ActiveCfg = Release|Any CPU
		{A06DAE49-F9D0-4993-9CC9-DB5DC28708B5}.Release|Any CPU.Build.0 = Release|Any CPU
	EndGlobalSection
	GlobalSection(SolutionProperties) = preSolution
		HideSolutionNode = FALSE
	EndGlobalSection
	GlobalSection(NestedProjects) = preSolution
		{A06DAE49-F9D0-4993-9CC9-DB5DC28708B5} = {32B8605B-570E-4CDE-A7F4-6F6DCD7DF826}
	EndGlobalSection
EndGlobal
